dependencies:
  espressif/esp-zigbee-lib:
    component_hash: d508f9b91c4b1973e6563fe840923fad2f15b23637f3d743dba1f5a719e1baab
    dependencies:
    - name: idf
      require: private
      version: '>=5.0'
    source:
      registry_url: https://components.espressif.com/
      type: service
    version: 2.0.4
  espressif/esp_hosted:
    component_hash: d72bce4d4a9fd6d4b610f3437735f58c70cfe40abfc969b53396dbb2e1d4c49b
    dependencies:
    - name: idf
      require: private
      version: '>=5.5'
    source:
      registry_url: https://components.espressif.com/
      type: service
    targets:
    - esp32
    - esp32c2
    - esp32s2
    - esp32s3
    - esp32c3
    - esp32c5
    - esp32c6
    - esp32c61
    - esp32h2
    - esp32h4
    - esp32h21
    - esp32p4
    version: 3.0.9
  idf:
    source:
      type: idf
    version: 6.1.0
direct_dependencies:
- espressif/esp-zigbee-lib
- espressif/esp_hosted
- idf
manifest_hash: 50bfc031101e52bf7f2c45f78eace93c149080e3c5ce22b47dcc793ebfa700e8
target: esp32p4
version: 3.0.0
